
Microsoft Visual Studio Solution File, Format Version 12.00
# Visual Studio Version 16
VisualStudioVersion = 16.0.30204.135
MinimumVisualStudioVersion = 10.0.40219.1
Project("{FAE04EC0-301F-11D3-BF4B-00C04F79EFBC}") = "Asignacion5.Android", "Asignacion5\Asignacion5.Android\Asignacion5.Android.csproj", "{B1B9AE7B-61E9-4B16-943C-D5BB7501368E}"
EndProject
Project("{FAE04EC0-301F-11D3-BF4B-00C04F79EFBC}") = "Asignacion5.iOS", "Asignacion5\Asignacion5.iOS\Asignacion5.iOS.csproj", "{8D399969-CB08-4067-A743-E1D0A3399DB7}"
EndProject
Project("{FAE04EC0-301F-11D3-BF4B-00C04F79EFBC}") = "Asignacion5", "Asignacion5\Asignacion5\Asignacion5.csproj", "{F40C2A73-AB72-4DE9-84D0-DFD4D39C2A99}"
EndProject
Global
	GlobalSection(SolutionConfigurationPlatforms) = preSolution
		Debug|Any CPU = Debug|Any CPU
		Debug|iPhone = Debug|iPhone
		Debug|iPhoneSimulator = Debug|iPhoneSimulator
		Release|Any CPU = Release|Any CPU
		Release|iPhone = Release|iPhone
		Release|iPhoneSimulator = Release|iPhoneSimulator
	EndGlobalSection
	GlobalSection(ProjectConfigurationPlatforms) = postSolution
		{B1B9AE7B-61E9-4B16-943C-D5BB7501368E}.Debug|Any CPU.ActiveCfg = Debug|Any CPU
		{B1B9AE7B-61E9-4B16-943C-D5BB7501368E}.Debug|Any CPU.Build.0 = Debug|Any CPU
		{B1B9AE7B-61E9-4B16-943C-D5BB7501368E}.Debug|Any CPU.Deploy.0 = Debug|Any CPU
		{B1B9AE7B-61E9-4B16-943C-D5BB7501368E}.Debug|iPhone.ActiveCfg = Debug|Any CPU
		{B1B9AE7B-61E9-4B16-943C-D5BB7501368E}.Debug|iPhone.Build.0 = Debug|Any CPU
		{B1B9AE7B-61E9-4B16-943C-D5BB7501368E}.Debug|iPhone.Deploy.0 = Debug|Any CPU
		{B1B9AE7B-61E9-4B16-943C-D5BB7501368E}.Debug|iPhoneSimulator.ActiveCfg = Debug|Any CPU
		{B1B9AE7B-61E9-4B16-943C-D5BB7501368E}.Debug|iPhoneSimulator.Build.0 = Debug|Any CPU
		{B1B9AE7B-61E9-4B16-943C-D5BB7501368E}.Debug|iPhoneSimulator.Deploy.0 = Debug|Any CPU
		{B1B9AE7B-61E9-4B16-943C-D5BB7501368E}.Release|Any CPU.ActiveCfg = Release|Any CPU
		{B1B9AE7B-61E9-4B16-943C-D5BB7501368E}.Release|Any CPU.Build.0 = Release|Any CPU
		{B1B9AE7B-61E9-4B16-943C-D5BB7501368E}.Release|Any CPU.Deploy.0 = Release|Any CPU
		{B1B9AE7B-61E9-4B16-943C-D5BB7501368E}.Release|iPhone.ActiveCfg = Release|Any CPU
		{B1B9AE7B-61E9-4B16-943C-D5BB7501368E}.Release|iPhone.Build.0 = Release|Any CPU
		{B1B9AE7B-61E9-4B16-943C-D5BB7501368E}.Release|iPhone.Deploy.0 = Release|Any CPU
		{B1B9AE7B-61E9-4B16-943C-D5BB7501368E}.Release|iPhoneSimulator.ActiveCfg = Release|Any CPU
		{B1B9AE7B-61E9-4B16-943C-D5BB7501368E}.Release|iPhoneSimulator.Build.0 = Release|Any CPU
		{B1B9AE7B-61E9-4B16-943C-D5BB7501368E}.Release|iPhoneSimulator.Deploy.0 = Release|Any CPU
		{8D399969-CB08-4067-A743-E1D0A3399DB7}.Debug|Any CPU.ActiveCfg = Debug|iPhone
		{8D399969-CB08-4067-A743-E1D0A3399DB7}.Debug|Any CPU.Build.0 = Debug|iPhone
		{8D399969-CB08-4067-A743-E1D0A3399DB7}.Debug|Any CPU.Deploy.0 = Debug|iPhone
		{8D399969-CB08-4067-A743-E1D0A3399DB7}.Debug|iPhone.ActiveCfg = Debug|iPhone
		{8D399969-CB08-4067-A743-E1D0A3399DB7}.Debug|iPhone.Build.0 = Debug|iPhone
		{8D399969-CB08-4067-A743-E1D0A3399DB7}.Debug|iPhone.Deploy.0 = Debug|iPhone
		{8D399969-CB08-4067-A743-E1D0A3399DB7}.Debug|iPhoneSimulator.ActiveCfg = Debug|iPhoneSimulator
		{8D399969-CB08-4067-A743-E1D0A3399DB7}.Debug|iPhoneSimulator.Build.0 = Debug|iPhoneSimulator
		{8D399969-CB08-4067-A743-E1D0A3399DB7}.Debug|iPhoneSimulator.Deploy.0 = Debug|iPhoneSimulator
		{8D399969-CB08-4067-A743-E1D0A3399DB7}.Release|Any CPU.ActiveCfg = Release|iPhone
		{8D399969-CB08-4067-A743-E1D0A3399DB7}.Release|Any CPU.Build.0 = Release|iPhone
		{8D399969-CB08-4067-A743-E1D0A3399DB7}.Release|Any CPU.Deploy.0 = Release|iPhone
		{8D399969-CB08-4067-A743-E1D0A3399DB7}.Release|iPhone.ActiveCfg = Release|iPhone
		{8D399969-CB08-4067-A743-E1D0A3399DB7}.Release|iPhone.Build.0 = Release|iPhone
		{8D399969-CB08-4067-A743-E1D0A3399DB7}.Release|iPhone.Deploy.0 = Release|iPhone
		{8D399969-CB08-4067-A743-E1D0A3399DB7}.Release|iPhoneSimulator.ActiveCfg = Release|iPhoneSimulator
		{8D399969-CB08-4067-A743-E1D0A3399DB7}.Release|iPhoneSimulator.Build.0 = Release|iPhoneSimulator
		{8D399969-CB08-4067-A743-E1D0A3399DB7}.Release|iPhoneSimulator.Deploy.0 = Release|iPhoneSimulator
		{F40C2A73-AB72-4DE9-84D0-DFD4D39C2A99}.Debug|Any CPU.ActiveCfg = Debug|Any CPU
		{F40C2A73-AB72-4DE9-84D0-DFD4D39C2A99}.Debug|Any CPU.Build.0 = Debug|Any CPU
		{F40C2A73-AB72-4DE9-84D0-DFD4D39C2A99}.Debug|Any CPU.Deploy.0 = Debug|Any CPU
		{F40C2A73-AB72-4DE9-84D0-DFD4D39C2A99}.Debug|iPhone.ActiveCfg = Debug|Any CPU
		{F40C2A73-AB72-4DE9-84D0-DFD4D39C2A99}.Debug|iPhone.Build.0 = Debug|Any CPU
		{F40C2A73-AB72-4DE9-84D0-DFD4D39C2A99}.Debug|iPhone.Deploy.0 = Debug|Any CPU
		{F40C2A73-AB72-4DE9-84D0-DFD4D39C2A99}.Debug|iPhoneSimulator.ActiveCfg = Debug|Any CPU
		{F40C2A73-AB72-4DE9-84D0-DFD4D39C2A99}.Debug|iPhoneSimulator.Build.0 = Debug|Any CPU
		{F40C2A73-AB72-4DE9-84D0-DFD4D39C2A99}.Debug|iPhoneSimulator.Deploy.0 = Debug|Any CPU
		{F40C2A73-AB72-4DE9-84D0-DFD4D39C2A99}.Release|Any CPU.ActiveCfg = Release|Any CPU
		{F40C2A73-AB72-4DE9-84D0-DFD4D39C2A99}.Release|Any CPU.Build.0 = Release|Any CPU
		{F40C2A73-AB72-4DE9-84D0-DFD4D39C2A99}.Release|Any CPU.Deploy.0 = Release|Any CPU
		{F40C2A73-AB72-4DE9-84D0-DFD4D39C2A99}.Release|iPhone.ActiveCfg = Release|Any CPU
		{F40C2A73-AB72-4DE9-84D0-DFD4D39C2A99}.Release|iPhone.Build.0 = Release|Any CPU
		{F40C2A73-AB72-4DE9-84D0-DFD4D39C2A99}.Release|iPhone.Deploy.0 = Release|Any CPU
		{F40C2A73-AB72-4DE9-84D0-DFD4D39C2A99}.Release|iPhoneSimulator.ActiveCfg = Release|Any CPU
		{F40C2A73-AB72-4DE9-84D0-DFD4D39C2A99}.Release|iPhoneSimulator.Build.0 = Release|Any CPU
		{F40C2A73-AB72-4DE9-84D0-DFD4D39C2A99}.Release|iPhoneSimulator.Deploy.0 = Release|Any CPU
	EndGlobalSection
	GlobalSection(SolutionProperties) = preSolution
		HideSolutionNode = FALSE
	EndGlobalSection
	GlobalSection(ExtensibilityGlobals) = postSolution
		SolutionGuid = {B51C9297-134D-42A1-88E1-ADD09FFD748E}
	EndGlobalSection
EndGlobal
